
Microsoft Visual Studio Solution File, Format Version 12.00
# Visual Studio Version 17
VisualStudioVersion = 17.10.35027.167
MinimumVisualStudioVersion = 10.0.40219.1
Project("{FAE04EC0-301F-11D3-BF4B-00C04F79EFBC}") = "ConsoleApp20", "ConsoleApp20\ConsoleApp20.csproj", "{D974E6F1-C2A1-4764-A1D6-85EC3F861082}"
EndProject
Global
	GlobalSection(SolutionConfigurationPlatforms) = preSolution
		Debug|Any CPU = Debug|Any CPU
		Release|Any CPU = Release|Any CPU
	EndGlobalSection
	GlobalSection(ProjectConfigurationPlatforms) = postSolution
		{D974E6F1-C2A1-4764-A1D6-85EC3F861082}.Debug|Any CPU.ActiveCfg = Debug|Any CPU
		{D974E6F1-C2A1-4764-A1D6-85EC3F861082}.Debug|Any CPU.Build.0 = Debug|Any CPU
		{D974E6F1-C2A1-4764-A1D6-85EC3F861082}.Release|Any CPU.ActiveCfg = Release|Any CPU
		{D974E6F1-C2A1-4764-A1D6-85EC3F861082}.Release|Any CPU.Build.0 = Release|Any CPU
	EndGlobalSection
	GlobalSection(SolutionProperties) = preSolution
		HideSolutionNode = FALSE
	EndGlobalSection
	GlobalSection(ExtensibilityGlobals) = postSolution
		SolutionGuid = {67D02CDE-4ED2-4B95-B0F6-CF2B5C08651E}
	EndGlobalSection
EndGlobal
